
Microsoft Visual Studio Solution File, Format Version 12.00
# Visual Studio 15
VisualStudioVersion = 15.0.28307.757
MinimumVisualStudioVersion = 10.0.40219.1
Project("{FAE04EC0-301F-11D3-BF4B-00C04F79EFBC}") = "programmers_3", "programmers_3\programmers_3.csproj", "{9B3DE9FF-B7B3-48DD-A0F0-302663AAA705}"
EndProject
Global
	GlobalSection(SolutionConfigurationPlatforms) = preSolution
		Debug|Any CPU = Debug|Any CPU
		Release|Any CPU = Release|Any CPU
	EndGlobalSection
	GlobalSection(ProjectConfigurationPlatforms) = postSolution
		{9B3DE9FF-B7B3-48DD-A0F0-302663AAA705}.Debug|Any CPU.ActiveCfg = Debug|Any CPU
		{9B3DE9FF-B7B3-48DD-A0F0-302663AAA705}.Debug|Any CPU.Build.0 = Debug|Any CPU
		{9B3DE9FF-B7B3-48DD-A0F0-302663AAA705}.Release|Any CPU.ActiveCfg = Release|Any CPU
		{9B3DE9FF-B7B3-48DD-A0F0-302663AAA705}.Release|Any CPU.Build.0 = Release|Any CPU
	EndGlobalSection
	GlobalSection(SolutionProperties) = preSolution
		HideSolutionNode = FALSE
	EndGlobalSection
	GlobalSection(ExtensibilityGlobals) = postSolution
		SolutionGuid = {4218F91E-959D-49E2-AC25-B6BAA8528109}
	EndGlobalSection
EndGlobal
