
Microsoft Visual Studio Solution File, Format Version 12.00
# Visual Studio 15
VisualStudioVersion = 15.0.28307.757
MinimumVisualStudioVersion = 10.0.40219.1
Project("{FAE04EC0-301F-11D3-BF4B-00C04F79EFBC}") = "programmers_2", "programmers_2\programmers_2.csproj", "{203A78A8-8BBA-4A25-AD16-BDD18C4DB99A}"
EndProject
Global
	GlobalSection(SolutionConfigurationPlatforms) = preSolution
		Debug|Any CPU = Debug|Any CPU
		Release|Any CPU = Release|Any CPU
	EndGlobalSection
	GlobalSection(ProjectConfigurationPlatforms) = postSolution
		{203A78A8-8BBA-4A25-AD16-BDD18C4DB99A}.Debug|Any CPU.ActiveCfg = Debug|Any CPU
		{203A78A8-8BBA-4A25-AD16-BDD18C4DB99A}.Debug|Any CPU.Build.0 = Debug|Any CPU
		{203A78A8-8BBA-4A25-AD16-BDD18C4DB99A}.Release|Any CPU.ActiveCfg = Release|Any CPU
		{203A78A8-8BBA-4A25-AD16-BDD18C4DB99A}.Release|Any CPU.Build.0 = Release|Any CPU
	EndGlobalSection
	GlobalSection(SolutionProperties) = preSolution
		HideSolutionNode = FALSE
	EndGlobalSection
	GlobalSection(ExtensibilityGlobals) = postSolution
		SolutionGuid = {BFB51037-6017-43BB-967C-947D945AE5DD}
	EndGlobalSection
EndGlobal
