
Microsoft Visual Studio Solution File, Format Version 12.00
# Visual Studio 15
VisualStudioVersion = 15.0.28307.757
MinimumVisualStudioVersion = 10.0.40219.1
Project("{FAE04EC0-301F-11D3-BF4B-00C04F79EFBC}") = "Programmers_16", "Programmers_16\Programmers_16.csproj", "{DA2C687C-CB87-462F-AD4C-0D6F61DD5B28}"
EndProject
Global
	GlobalSection(SolutionConfigurationPlatforms) = preSolution
		Debug|Any CPU = Debug|Any CPU
		Release|Any CPU = Release|Any CPU
	EndGlobalSection
	GlobalSection(ProjectConfigurationPlatforms) = postSolution
		{DA2C687C-CB87-462F-AD4C-0D6F61DD5B28}.Debug|Any CPU.ActiveCfg = Debug|Any CPU
		{DA2C687C-CB87-462F-AD4C-0D6F61DD5B28}.Debug|Any CPU.Build.0 = Debug|Any CPU
		{DA2C687C-CB87-462F-AD4C-0D6F61DD5B28}.Release|Any CPU.ActiveCfg = Release|Any CPU
		{DA2C687C-CB87-462F-AD4C-0D6F61DD5B28}.Release|Any CPU.Build.0 = Release|Any CPU
	EndGlobalSection
	GlobalSection(SolutionProperties) = preSolution
		HideSolutionNode = FALSE
	EndGlobalSection
	GlobalSection(ExtensibilityGlobals) = postSolution
		SolutionGuid = {5A6C6850-7C0E-4A30-8DAE-0CA17CDB8F57}
	EndGlobalSection
EndGlobal
