
Microsoft Visual Studio Solution File, Format Version 12.00
# Visual Studio 15
VisualStudioVersion = 15.0.28307.757
MinimumVisualStudioVersion = 10.0.40219.1
Project("{FAE04EC0-301F-11D3-BF4B-00C04F79EFBC}") = "Programmers_15", "Programmers_15\Programmers_15.csproj", "{48F6A1C6-37F3-4C16-AE46-606E95E150C0}"
EndProject
Global
	GlobalSection(SolutionConfigurationPlatforms) = preSolution
		Debug|Any CPU = Debug|Any CPU
		Release|Any CPU = Release|Any CPU
	EndGlobalSection
	GlobalSection(ProjectConfigurationPlatforms) = postSolution
		{48F6A1C6-37F3-4C16-AE46-606E95E150C0}.Debug|Any CPU.ActiveCfg = Debug|Any CPU
		{48F6A1C6-37F3-4C16-AE46-606E95E150C0}.Debug|Any CPU.Build.0 = Debug|Any CPU
		{48F6A1C6-37F3-4C16-AE46-606E95E150C0}.Release|Any CPU.ActiveCfg = Release|Any CPU
		{48F6A1C6-37F3-4C16-AE46-606E95E150C0}.Release|Any CPU.Build.0 = Release|Any CPU
	EndGlobalSection
	GlobalSection(SolutionProperties) = preSolution
		HideSolutionNode = FALSE
	EndGlobalSection
	GlobalSection(ExtensibilityGlobals) = postSolution
		SolutionGuid = {3D671C28-CDD8-4414-96DD-8805C5148C21}
	EndGlobalSection
EndGlobal
