
Microsoft Visual Studio Solution File, Format Version 12.00
# Visual Studio 15
VisualStudioVersion = 15.0.28307.757
MinimumVisualStudioVersion = 10.0.40219.1
Project("{FAE04EC0-301F-11D3-BF4B-00C04F79EFBC}") = "Programmers_7", "Programmers_7\Programmers_7.csproj", "{3B71E9A5-1F52-4380-9829-E36EFA7721CC}"
EndProject
Global
	GlobalSection(SolutionConfigurationPlatforms) = preSolution
		Debug|Any CPU = Debug|Any CPU
		Release|Any CPU = Release|Any CPU
	EndGlobalSection
	GlobalSection(ProjectConfigurationPlatforms) = postSolution
		{3B71E9A5-1F52-4380-9829-E36EFA7721CC}.Debug|Any CPU.ActiveCfg = Debug|Any CPU
		{3B71E9A5-1F52-4380-9829-E36EFA7721CC}.Debug|Any CPU.Build.0 = Debug|Any CPU
		{3B71E9A5-1F52-4380-9829-E36EFA7721CC}.Release|Any CPU.ActiveCfg = Release|Any CPU
		{3B71E9A5-1F52-4380-9829-E36EFA7721CC}.Release|Any CPU.Build.0 = Release|Any CPU
	EndGlobalSection
	GlobalSection(SolutionProperties) = preSolution
		HideSolutionNode = FALSE
	EndGlobalSection
	GlobalSection(ExtensibilityGlobals) = postSolution
		SolutionGuid = {1F8AEE34-3143-4B77-A977-95B1FFADDAB9}
	EndGlobalSection
EndGlobal
