
Microsoft Visual Studio Solution File, Format Version 12.00
# Visual Studio 15
VisualStudioVersion = 15.0.28307.757
MinimumVisualStudioVersion = 10.0.40219.1
Project("{FAE04EC0-301F-11D3-BF4B-00C04F79EFBC}") = "Programmers_11", "Programmers_11\Programmers_11.csproj", "{653885BC-8A7B-46D1-A0B4-3CB956561618}"
EndProject
Global
	GlobalSection(SolutionConfigurationPlatforms) = preSolution
		Debug|Any CPU = Debug|Any CPU
		Release|Any CPU = Release|Any CPU
	EndGlobalSection
	GlobalSection(ProjectConfigurationPlatforms) = postSolution
		{653885BC-8A7B-46D1-A0B4-3CB956561618}.Debug|Any CPU.ActiveCfg = Debug|Any CPU
		{653885BC-8A7B-46D1-A0B4-3CB956561618}.Debug|Any CPU.Build.0 = Debug|Any CPU
		{653885BC-8A7B-46D1-A0B4-3CB956561618}.Release|Any CPU.ActiveCfg = Release|Any CPU
		{653885BC-8A7B-46D1-A0B4-3CB956561618}.Release|Any CPU.Build.0 = Release|Any CPU
	EndGlobalSection
	GlobalSection(SolutionProperties) = preSolution
		HideSolutionNode = FALSE
	EndGlobalSection
	GlobalSection(ExtensibilityGlobals) = postSolution
		SolutionGuid = {46D50737-E399-4F24-9AE8-0AA02284EE17}
	EndGlobalSection
EndGlobal
